
Microsoft Visual Studio Solution File, Format Version 12.00
# Visual Studio Version 17
VisualStudioVersion = 17.5.002.0
MinimumVisualStudioVersion = 10.0.40219.1
Project("{9A19103F-16F7-4668-BE54-9A1E7A4F7556}") = "Agenda", "Agenda.csproj", "{9ABE720D-F77D-41AE-8F89-960B566B2386}"
EndProject
Global
	GlobalSection(SolutionConfigurationPlatforms) = preSolution
		Debug|Any CPU = Debug|Any CPU
		Release|Any CPU = Release|Any CPU
	EndGlobalSection
	GlobalSection(ProjectConfigurationPlatforms) = postSolution
		{9ABE720D-F77D-41AE-8F89-960B566B2386}.Debug|Any CPU.ActiveCfg = Debug|Any CPU
		{9ABE720D-F77D-41AE-8F89-960B566B2386}.Debug|Any CPU.Build.0 = Debug|Any CPU
		{9ABE720D-F77D-41AE-8F89-960B566B2386}.Release|Any CPU.ActiveCfg = Release|Any CPU
		{9ABE720D-F77D-41AE-8F89-960B566B2386}.Release|Any CPU.Build.0 = Release|Any CPU
	EndGlobalSection
	GlobalSection(SolutionProperties) = preSolution
		HideSolutionNode = FALSE
	EndGlobalSection
	GlobalSection(ExtensibilityGlobals) = postSolution
		SolutionGuid = {2A8A59AD-E861-40C8-9CA3-9E71EDDC94F1}
	EndGlobalSection
EndGlobal
